
Microsoft Visual Studio Solution File, Format Version 12.00
# Visual Studio 15
VisualStudioVersion = 15.0.28010.2046
MinimumVisualStudioVersion = 10.0.40219.1
Project("{FAE04EC0-301F-11D3-BF4B-00C04F79EFBC}") = "Studente per un giorno", "Studente per un giorno\Studente per un giorno.csproj", "{C988F756-215E-4C80-9763-27143454D495}"
EndProject
Global
	GlobalSection(SolutionConfigurationPlatforms) = preSolution
		Debug|Any CPU = Debug|Any CPU
		Release|Any CPU = Release|Any CPU
	EndGlobalSection
	GlobalSection(ProjectConfigurationPlatforms) = postSolution
		{C988F756-215E-4C80-9763-27143454D495}.Debug|Any CPU.ActiveCfg = Debug|Any CPU
		{C988F756-215E-4C80-9763-27143454D495}.Debug|Any CPU.Build.0 = Debug|Any CPU
		{C988F756-215E-4C80-9763-27143454D495}.Release|Any CPU.ActiveCfg = Release|Any CPU
		{C988F756-215E-4C80-9763-27143454D495}.Release|Any CPU.Build.0 = Release|Any CPU
	EndGlobalSection
	GlobalSection(SolutionProperties) = preSolution
		HideSolutionNode = FALSE
	EndGlobalSection
	GlobalSection(ExtensibilityGlobals) = postSolution
		SolutionGuid = {1979999F-BF21-4903-90E5-2F583A37425B}
	EndGlobalSection
EndGlobal
